
Microsoft Visual Studio Solution File, Format Version 12.00
# Visual Studio Version 17
VisualStudioVersion = 17.4.33205.214
MinimumVisualStudioVersion = 10.0.40219.1
Project("{FAE04EC0-301F-11D3-BF4B-00C04F79EFBC}") = "REPORT_MANAGEMENT_CORE", "REPORT_MANAGEMENT_CORE\REPORT_MANAGEMENT_CORE.csproj", "{CB0E2206-EA73-4B11-A350-E8591A73D4E8}"
EndProject
Project("{FAE04EC0-301F-11D3-BF4B-00C04F79EFBC}") = "REPORT_MANAGEMENT_APP", "REPORT_MANAGEMENT_APP\REPORT_MANAGEMENT_APP.csproj", "{BCBDDADA-DFCA-4746-A89D-6C098F82F476}"
EndProject
Global
	GlobalSection(SolutionConfigurationPlatforms) = preSolution
		Debug|Any CPU = Debug|Any CPU
		Release|Any CPU = Release|Any CPU
	EndGlobalSection
	GlobalSection(ProjectConfigurationPlatforms) = postSolution
		{CB0E2206-EA73-4B11-A350-E8591A73D4E8}.Debug|Any CPU.ActiveCfg = Debug|Any CPU
		{CB0E2206-EA73-4B11-A350-E8591A73D4E8}.Debug|Any CPU.Build.0 = Debug|Any CPU
		{CB0E2206-EA73-4B11-A350-E8591A73D4E8}.Release|Any CPU.ActiveCfg = Release|Any CPU
		{CB0E2206-EA73-4B11-A350-E8591A73D4E8}.Release|Any CPU.Build.0 = Release|Any CPU
		{BCBDDADA-DFCA-4746-A89D-6C098F82F476}.Debug|Any CPU.ActiveCfg = Debug|Any CPU
		{BCBDDADA-DFCA-4746-A89D-6C098F82F476}.Debug|Any CPU.Build.0 = Debug|Any CPU
		{BCBDDADA-DFCA-4746-A89D-6C098F82F476}.Release|Any CPU.ActiveCfg = Release|Any CPU
		{BCBDDADA-DFCA-4746-A89D-6C098F82F476}.Release|Any CPU.Build.0 = Release|Any CPU
	EndGlobalSection
	GlobalSection(SolutionProperties) = preSolution
		HideSolutionNode = FALSE
	EndGlobalSection
	GlobalSection(ExtensibilityGlobals) = postSolution
		SolutionGuid = {CE288860-79A9-4350-AD97-D77D636302CB}
	EndGlobalSection
EndGlobal
